
Microsoft Visual Studio Solution File, Format Version 12.00
# Visual Studio Version 16
VisualStudioVersion = 16.0.30204.135
MinimumVisualStudioVersion = 10.0.40219.1
Project("{FAE04EC0-301F-11D3-BF4B-00C04F79EFBC}") = "MVP", "MVP\MVP.csproj", "{B33D2BC1-2511-477B-822D-C26B775284EE}"
EndProject
Global
	GlobalSection(SolutionConfigurationPlatforms) = preSolution
		Debug|Any CPU = Debug|Any CPU
		Release|Any CPU = Release|Any CPU
	EndGlobalSection
	GlobalSection(ProjectConfigurationPlatforms) = postSolution
		{B33D2BC1-2511-477B-822D-C26B775284EE}.Debug|Any CPU.ActiveCfg = Debug|Any CPU
		{B33D2BC1-2511-477B-822D-C26B775284EE}.Debug|Any CPU.Build.0 = Debug|Any CPU
		{B33D2BC1-2511-477B-822D-C26B775284EE}.Release|Any CPU.ActiveCfg = Release|Any CPU
		{B33D2BC1-2511-477B-822D-C26B775284EE}.Release|Any CPU.Build.0 = Release|Any CPU
	EndGlobalSection
	GlobalSection(SolutionProperties) = preSolution
		HideSolutionNode = FALSE
	EndGlobalSection
	GlobalSection(ExtensibilityGlobals) = postSolution
		SolutionGuid = {2D986D87-65C6-4D3B-80E4-4DECE1F7DF75}
	EndGlobalSection
EndGlobal
